
Microsoft Visual Studio Solution File, Format Version 12.00
# Visual Studio Version 17
VisualStudioVersion = 17.1.32210.238
MinimumVisualStudioVersion = 10.0.40219.1
Project("{9A19103F-16F7-4668-BE54-9A1E7A4F7556}") = "GameAPI", "GameAPI\GameAPI.csproj", "{431FA640-D0AF-4778-AD63-BCA23BE98560}"
EndProject
Project("{9A19103F-16F7-4668-BE54-9A1E7A4F7556}") = "ChatAPI", "ChatAPI\ChatAPI.csproj", "{4CB037C4-5EBB-4103-A196-759C3CEEF56E}"
EndProject
Project("{2150E333-8FDC-42A3-9474-1A3956D46DE8}") = "ChatService", "ChatService", "{F0097422-8810-4821-9BDD-1F588B553191}"
EndProject
Project("{2150E333-8FDC-42A3-9474-1A3956D46DE8}") = "GameService", "GameService", "{F4B071EF-62C8-49E6-A0C3-804BC11ECBCC}"
EndProject
Project("{FAE04EC0-301F-11D3-BF4B-00C04F79EFBC}") = "AuthAPI", "AuthAPI\AuthAPI.csproj", "{1002B440-1199-4A3C-AD45-F3048551734E}"
EndProject
Project("{2150E333-8FDC-42A3-9474-1A3956D46DE8}") = "AuthService", "AuthService", "{BD18E8CC-1497-4128-A3FE-73DFE378EA97}"
EndProject
Project("{FAE04EC0-301F-11D3-BF4B-00C04F79EFBC}") = "AuthModel", "AuthModel\AuthModel.csproj", "{5F94B0D8-9347-4FCB-9B7E-111057571EF5}"
EndProject
Project("{FAE04EC0-301F-11D3-BF4B-00C04F79EFBC}") = "AuthDomain", "AuthDomain\AuthDomain.csproj", "{D11C695C-D122-4EAC-A61E-BB28BC99D145}"
EndProject
Project("{FAE04EC0-301F-11D3-BF4B-00C04F79EFBC}") = "ChatDomain", "ChatDomain\ChatDomain.csproj", "{10BDE2AF-6CB7-4904-A9AC-168FDC3DF97F}"
EndProject
Project("{FAE04EC0-301F-11D3-BF4B-00C04F79EFBC}") = "ChatModel", "ChatModel\ChatModel.csproj", "{E6787D30-A371-41F4-9074-116D2EA99DC7}"
EndProject
Project("{FAE04EC0-301F-11D3-BF4B-00C04F79EFBC}") = "GameModel", "GameModel\GameModel.csproj", "{0172DD52-B00C-4EF1-B17C-565882E193D0}"
EndProject
Project("{FAE04EC0-301F-11D3-BF4B-00C04F79EFBC}") = "GameDomain", "GameDomain\GameDomain.csproj", "{64BC7E9B-A266-4DFA-AF3C-3958927E142F}"
EndProject
Global
	GlobalSection(SolutionConfigurationPlatforms) = preSolution
		Debug|Any CPU = Debug|Any CPU
		Release|Any CPU = Release|Any CPU
	EndGlobalSection
	GlobalSection(ProjectConfigurationPlatforms) = postSolution
		{431FA640-D0AF-4778-AD63-BCA23BE98560}.Debug|Any CPU.ActiveCfg = Debug|Any CPU
		{431FA640-D0AF-4778-AD63-BCA23BE98560}.Debug|Any CPU.Build.0 = Debug|Any CPU
		{431FA640-D0AF-4778-AD63-BCA23BE98560}.Release|Any CPU.ActiveCfg = Release|Any CPU
		{431FA640-D0AF-4778-AD63-BCA23BE98560}.Release|Any CPU.Build.0 = Release|Any CPU
		{4CB037C4-5EBB-4103-A196-759C3CEEF56E}.Debug|Any CPU.ActiveCfg = Debug|Any CPU
		{4CB037C4-5EBB-4103-A196-759C3CEEF56E}.Debug|Any CPU.Build.0 = Debug|Any CPU
		{4CB037C4-5EBB-4103-A196-759C3CEEF56E}.Release|Any CPU.ActiveCfg = Release|Any CPU
		{4CB037C4-5EBB-4103-A196-759C3CEEF56E}.Release|Any CPU.Build.0 = Release|Any CPU
		{1002B440-1199-4A3C-AD45-F3048551734E}.Debug|Any CPU.ActiveCfg = Debug|Any CPU
		{1002B440-1199-4A3C-AD45-F3048551734E}.Debug|Any CPU.Build.0 = Debug|Any CPU
		{1002B440-1199-4A3C-AD45-F3048551734E}.Release|Any CPU.ActiveCfg = Release|Any CPU
		{1002B440-1199-4A3C-AD45-F3048551734E}.Release|Any CPU.Build.0 = Release|Any CPU
		{5F94B0D8-9347-4FCB-9B7E-111057571EF5}.Debug|Any CPU.ActiveCfg = Debug|Any CPU
		{5F94B0D8-9347-4FCB-9B7E-111057571EF5}.Debug|Any CPU.Build.0 = Debug|Any CPU
		{5F94B0D8-9347-4FCB-9B7E-111057571EF5}.Release|Any CPU.ActiveCfg = Release|Any CPU
		{5F94B0D8-9347-4FCB-9B7E-111057571EF5}.Release|Any CPU.Build.0 = Release|Any CPU
		{D11C695C-D122-4EAC-A61E-BB28BC99D145}.Debug|Any CPU.ActiveCfg = Debug|Any CPU
		{D11C695C-D122-4EAC-A61E-BB28BC99D145}.Debug|Any CPU.Build.0 = Debug|Any CPU
		{D11C695C-D122-4EAC-A61E-BB28BC99D145}.Release|Any CPU.ActiveCfg = Release|Any CPU
		{D11C695C-D122-4EAC-A61E-BB28BC99D145}.Release|Any CPU.Build.0 = Release|Any CPU
		{10BDE2AF-6CB7-4904-A9AC-168FDC3DF97F}.Debug|Any CPU.ActiveCfg = Debug|Any CPU
		{10BDE2AF-6CB7-4904-A9AC-168FDC3DF97F}.Debug|Any CPU.Build.0 = Debug|Any CPU
		{10BDE2AF-6CB7-4904-A9AC-168FDC3DF97F}.Release|Any CPU.ActiveCfg = Release|Any CPU
		{10BDE2AF-6CB7-4904-A9AC-168FDC3DF97F}.Release|Any CPU.Build.0 = Release|Any CPU
		{E6787D30-A371-41F4-9074-116D2EA99DC7}.Debug|Any CPU.ActiveCfg = Debug|Any CPU
		{E6787D30-A371-41F4-9074-116D2EA99DC7}.Debug|Any CPU.Build.0 = Debug|Any CPU
		{E6787D30-A371-41F4-9074-116D2EA99DC7}.Release|Any CPU.ActiveCfg = Release|Any CPU
		{E6787D30-A371-41F4-9074-116D2EA99DC7}.Release|Any CPU.Build.0 = Release|Any CPU
		{0172DD52-B00C-4EF1-B17C-565882E193D0}.Debug|Any CPU.ActiveCfg = Debug|Any CPU
		{0172DD52-B00C-4EF1-B17C-565882E193D0}.Debug|Any CPU.Build.0 = Debug|Any CPU
		{0172DD52-B00C-4EF1-B17C-565882E193D0}.Release|Any CPU.ActiveCfg = Release|Any CPU
		{0172DD52-B00C-4EF1-B17C-565882E193D0}.Release|Any CPU.Build.0 = Release|Any CPU
		{64BC7E9B-A266-4DFA-AF3C-3958927E142F}.Debug|Any CPU.ActiveCfg = Debug|Any CPU
		{64BC7E9B-A266-4DFA-AF3C-3958927E142F}.Debug|Any CPU.Build.0 = Debug|Any CPU
		{64BC7E9B-A266-4DFA-AF3C-3958927E142F}.Release|Any CPU.ActiveCfg = Release|Any CPU
		{64BC7E9B-A266-4DFA-AF3C-3958927E142F}.Release|Any CPU.Build.0 = Release|Any CPU
	EndGlobalSection
	GlobalSection(SolutionProperties) = preSolution
		HideSolutionNode = FALSE
	EndGlobalSection
	GlobalSection(NestedProjects) = preSolution
		{431FA640-D0AF-4778-AD63-BCA23BE98560} = {F4B071EF-62C8-49E6-A0C3-804BC11ECBCC}
		{4CB037C4-5EBB-4103-A196-759C3CEEF56E} = {F0097422-8810-4821-9BDD-1F588B553191}
		{1002B440-1199-4A3C-AD45-F3048551734E} = {BD18E8CC-1497-4128-A3FE-73DFE378EA97}
		{5F94B0D8-9347-4FCB-9B7E-111057571EF5} = {BD18E8CC-1497-4128-A3FE-73DFE378EA97}
		{D11C695C-D122-4EAC-A61E-BB28BC99D145} = {BD18E8CC-1497-4128-A3FE-73DFE378EA97}
		{10BDE2AF-6CB7-4904-A9AC-168FDC3DF97F} = {F0097422-8810-4821-9BDD-1F588B553191}
		{E6787D30-A371-41F4-9074-116D2EA99DC7} = {F0097422-8810-4821-9BDD-1F588B553191}
		{0172DD52-B00C-4EF1-B17C-565882E193D0} = {F4B071EF-62C8-49E6-A0C3-804BC11ECBCC}
		{64BC7E9B-A266-4DFA-AF3C-3958927E142F} = {F4B071EF-62C8-49E6-A0C3-804BC11ECBCC}
	EndGlobalSection
	GlobalSection(ExtensibilityGlobals) = postSolution
		SolutionGuid = {7C8D3D73-436B-4362-932A-955C72BCAE07}
	EndGlobalSection
EndGlobal
