
Microsoft Visual Studio Solution File, Format Version 12.00
Project("{2150E333-8FDC-42A3-9474-1A3956D46DE8}") = "NavigationService", "NavigationService", "{869D2943-07C0-438E-8EB3-8F28271FF790}"
EndProject
Project("{2150E333-8FDC-42A3-9474-1A3956D46DE8}") = "CrewService", "CrewService", "{436A54FC-4A5B-47A4-89C6-CA42B3BDCABF}"
EndProject
Project("{2150E333-8FDC-42A3-9474-1A3956D46DE8}") = "MaintenanceService", "MaintenanceService", "{F03E407A-198A-4619-8F94-E132816F5EE8}"
EndProject
Project("{FAE04EC0-301F-11D3-BF4B-00C04F79EFBC}") = "NavigationModel", "NavigationModel\NavigationModel.csproj", "{C5D44C17-5D0C-447C-B321-91A8BE9B4131}"
EndProject
Project("{FAE04EC0-301F-11D3-BF4B-00C04F79EFBC}") = "MaintenanceModel", "MaintenanceModel\MaintenanceModel.csproj", "{C3B2CAD1-FB95-4125-8F1B-D65DD53F78A2}"
EndProject
Project("{FAE04EC0-301F-11D3-BF4B-00C04F79EFBC}") = "CrewModel", "CrewModel\CrewModel.csproj", "{9A057803-E5C6-40B8-9406-741E7DB6BFE1}"
EndProject
Project("{FAE04EC0-301F-11D3-BF4B-00C04F79EFBC}") = "CrewDomain", "CrewDomain\CrewDomain.csproj", "{1AD8D347-BBE8-4FD4-953E-2B557D5BA819}"
EndProject
Project("{FAE04EC0-301F-11D3-BF4B-00C04F79EFBC}") = "MaintenanceDomain", "MaintenanceDomain\MaintenanceDomain.csproj", "{0B3522DD-F5A0-4D8D-8E8A-C8E407B21039}"
EndProject
Project("{FAE04EC0-301F-11D3-BF4B-00C04F79EFBC}") = "NavigationDomain", "NavigationDomain\NavigationDomain.csproj", "{47CD54E4-5746-4303-AE0C-354089E82EAE}"
EndProject
Project("{FAE04EC0-301F-11D3-BF4B-00C04F79EFBC}") = "CrewAPI", "CrewAPI\CrewAPI.csproj", "{C1100ABE-D17A-41C6-AF1B-D09FE9F91526}"
EndProject
Project("{FAE04EC0-301F-11D3-BF4B-00C04F79EFBC}") = "MaintenanceAPI", "MaintenanceAPI\MaintenanceAPI.csproj", "{62EB0DC2-62CB-4388-8B9E-93A12B8EAF81}"
EndProject
Project("{FAE04EC0-301F-11D3-BF4B-00C04F79EFBC}") = "NavigationAPI", "NavigationAPI\NavigationAPI.csproj", "{E0201473-C547-47CC-AE4C-0B6351F10BD8}"
EndProject
Project("{FAE04EC0-301F-11D3-BF4B-00C04F79EFBC}") = "CrewGrpcService", "CrewGrpcService\CrewGrpcService.csproj", "{7337E1EF-EB25-442B-B735-384943BA19C1}"
EndProject
Project("{FAE04EC0-301F-11D3-BF4B-00C04F79EFBC}") = "CrewProtoShared", "CrewProtoShared\CrewProtoShared.csproj", "{AB226A9E-668C-4B65-8514-F0144295EED3}"
EndProject
Project("{2150E333-8FDC-42A3-9474-1A3956D46DE8}") = "EventBus", "EventBus", "{188D1671-F097-4D6A-8BAB-836E6C5655D3}"
EndProject
Project("{FAE04EC0-301F-11D3-BF4B-00C04F79EFBC}") = "EventBusConnection", "EventBusConnection\EventBusConnection.csproj", "{B8FD8A4D-F0D0-49EE-A235-96FBB4DC3D61}"
EndProject
Project("{FAE04EC0-301F-11D3-BF4B-00C04F79EFBC}") = "CrewDatatransfer", "CrewDatatransfer\CrewDatatransfer.csproj", "{CCE55A9C-2A4E-461D-9645-2ED11AC14298}"
EndProject
Project("{FAE04EC0-301F-11D3-BF4B-00C04F79EFBC}") = "CrewEvent", "CrewEvent\CrewEvent.csproj", "{8053C3BE-9E86-4CB6-865A-9149890C2D62}"
EndProject
Project("{FAE04EC0-301F-11D3-BF4B-00C04F79EFBC}") = "NavigationDatatransfer", "NavigationDatatransfer\NavigationDatatransfer.csproj", "{FB7012B6-68F5-4EB5-882F-DCBE2C29C307}"
EndProject
Project("{FAE04EC0-301F-11D3-BF4B-00C04F79EFBC}") = "NavigationEvent", "NavigationEvent\NavigationEvent.csproj", "{750F1814-014E-48D8-AAEF-CC479C96E752}"
EndProject
Project("{FAE04EC0-301F-11D3-BF4B-00C04F79EFBC}") = "MaintenanceEvent", "MaintenanceEvent\MaintenanceEvent.csproj", "{98433C78-44CE-4169-851A-0BD964684A98}"
EndProject
Project("{FAE04EC0-301F-11D3-BF4B-00C04F79EFBC}") = "MaintenanceDatatransfer", "MaintenanceDatatransfer\MaintenanceDatatransfer.csproj", "{3D3DE385-51DF-4F76-9B69-4E70C9145CC4}"
EndProject
Global
	GlobalSection(SolutionConfigurationPlatforms) = preSolution
		Debug|Any CPU = Debug|Any CPU
		Release|Any CPU = Release|Any CPU
	EndGlobalSection
	GlobalSection(NestedProjects) = preSolution
		{C5D44C17-5D0C-447C-B321-91A8BE9B4131} = {869D2943-07C0-438E-8EB3-8F28271FF790}
		{C3B2CAD1-FB95-4125-8F1B-D65DD53F78A2} = {F03E407A-198A-4619-8F94-E132816F5EE8}
		{9A057803-E5C6-40B8-9406-741E7DB6BFE1} = {436A54FC-4A5B-47A4-89C6-CA42B3BDCABF}
		{1AD8D347-BBE8-4FD4-953E-2B557D5BA819} = {436A54FC-4A5B-47A4-89C6-CA42B3BDCABF}
		{0B3522DD-F5A0-4D8D-8E8A-C8E407B21039} = {F03E407A-198A-4619-8F94-E132816F5EE8}
		{47CD54E4-5746-4303-AE0C-354089E82EAE} = {869D2943-07C0-438E-8EB3-8F28271FF790}
		{C1100ABE-D17A-41C6-AF1B-D09FE9F91526} = {436A54FC-4A5B-47A4-89C6-CA42B3BDCABF}
		{62EB0DC2-62CB-4388-8B9E-93A12B8EAF81} = {F03E407A-198A-4619-8F94-E132816F5EE8}
		{E0201473-C547-47CC-AE4C-0B6351F10BD8} = {869D2943-07C0-438E-8EB3-8F28271FF790}
		{7337E1EF-EB25-442B-B735-384943BA19C1} = {436A54FC-4A5B-47A4-89C6-CA42B3BDCABF}
		{AB226A9E-668C-4B65-8514-F0144295EED3} = {436A54FC-4A5B-47A4-89C6-CA42B3BDCABF}
		{B8FD8A4D-F0D0-49EE-A235-96FBB4DC3D61} = {188D1671-F097-4D6A-8BAB-836E6C5655D3}
		{CCE55A9C-2A4E-461D-9645-2ED11AC14298} = {436A54FC-4A5B-47A4-89C6-CA42B3BDCABF}
		{8053C3BE-9E86-4CB6-865A-9149890C2D62} = {436A54FC-4A5B-47A4-89C6-CA42B3BDCABF}
		{FB7012B6-68F5-4EB5-882F-DCBE2C29C307} = {869D2943-07C0-438E-8EB3-8F28271FF790}
		{750F1814-014E-48D8-AAEF-CC479C96E752} = {869D2943-07C0-438E-8EB3-8F28271FF790}
		{98433C78-44CE-4169-851A-0BD964684A98} = {F03E407A-198A-4619-8F94-E132816F5EE8}
		{3D3DE385-51DF-4F76-9B69-4E70C9145CC4} = {F03E407A-198A-4619-8F94-E132816F5EE8}
	EndGlobalSection
	GlobalSection(ProjectConfigurationPlatforms) = postSolution
		{C5D44C17-5D0C-447C-B321-91A8BE9B4131}.Debug|Any CPU.ActiveCfg = Debug|Any CPU
		{C5D44C17-5D0C-447C-B321-91A8BE9B4131}.Debug|Any CPU.Build.0 = Debug|Any CPU
		{C5D44C17-5D0C-447C-B321-91A8BE9B4131}.Release|Any CPU.ActiveCfg = Release|Any CPU
		{C5D44C17-5D0C-447C-B321-91A8BE9B4131}.Release|Any CPU.Build.0 = Release|Any CPU
		{C3B2CAD1-FB95-4125-8F1B-D65DD53F78A2}.Debug|Any CPU.ActiveCfg = Debug|Any CPU
		{C3B2CAD1-FB95-4125-8F1B-D65DD53F78A2}.Debug|Any CPU.Build.0 = Debug|Any CPU
		{C3B2CAD1-FB95-4125-8F1B-D65DD53F78A2}.Release|Any CPU.ActiveCfg = Release|Any CPU
		{C3B2CAD1-FB95-4125-8F1B-D65DD53F78A2}.Release|Any CPU.Build.0 = Release|Any CPU
		{9A057803-E5C6-40B8-9406-741E7DB6BFE1}.Debug|Any CPU.ActiveCfg = Debug|Any CPU
		{9A057803-E5C6-40B8-9406-741E7DB6BFE1}.Debug|Any CPU.Build.0 = Debug|Any CPU
		{9A057803-E5C6-40B8-9406-741E7DB6BFE1}.Release|Any CPU.ActiveCfg = Release|Any CPU
		{9A057803-E5C6-40B8-9406-741E7DB6BFE1}.Release|Any CPU.Build.0 = Release|Any CPU
		{1AD8D347-BBE8-4FD4-953E-2B557D5BA819}.Debug|Any CPU.ActiveCfg = Debug|Any CPU
		{1AD8D347-BBE8-4FD4-953E-2B557D5BA819}.Debug|Any CPU.Build.0 = Debug|Any CPU
		{1AD8D347-BBE8-4FD4-953E-2B557D5BA819}.Release|Any CPU.ActiveCfg = Release|Any CPU
		{1AD8D347-BBE8-4FD4-953E-2B557D5BA819}.Release|Any CPU.Build.0 = Release|Any CPU
		{0B3522DD-F5A0-4D8D-8E8A-C8E407B21039}.Debug|Any CPU.ActiveCfg = Debug|Any CPU
		{0B3522DD-F5A0-4D8D-8E8A-C8E407B21039}.Debug|Any CPU.Build.0 = Debug|Any CPU
		{0B3522DD-F5A0-4D8D-8E8A-C8E407B21039}.Release|Any CPU.ActiveCfg = Release|Any CPU
		{0B3522DD-F5A0-4D8D-8E8A-C8E407B21039}.Release|Any CPU.Build.0 = Release|Any CPU
		{47CD54E4-5746-4303-AE0C-354089E82EAE}.Debug|Any CPU.ActiveCfg = Debug|Any CPU
		{47CD54E4-5746-4303-AE0C-354089E82EAE}.Debug|Any CPU.Build.0 = Debug|Any CPU
		{47CD54E4-5746-4303-AE0C-354089E82EAE}.Release|Any CPU.ActiveCfg = Release|Any CPU
		{47CD54E4-5746-4303-AE0C-354089E82EAE}.Release|Any CPU.Build.0 = Release|Any CPU
		{C1100ABE-D17A-41C6-AF1B-D09FE9F91526}.Debug|Any CPU.ActiveCfg = Debug|Any CPU
		{C1100ABE-D17A-41C6-AF1B-D09FE9F91526}.Debug|Any CPU.Build.0 = Debug|Any CPU
		{C1100ABE-D17A-41C6-AF1B-D09FE9F91526}.Release|Any CPU.ActiveCfg = Release|Any CPU
		{C1100ABE-D17A-41C6-AF1B-D09FE9F91526}.Release|Any CPU.Build.0 = Release|Any CPU
		{62EB0DC2-62CB-4388-8B9E-93A12B8EAF81}.Debug|Any CPU.ActiveCfg = Debug|Any CPU
		{62EB0DC2-62CB-4388-8B9E-93A12B8EAF81}.Debug|Any CPU.Build.0 = Debug|Any CPU
		{62EB0DC2-62CB-4388-8B9E-93A12B8EAF81}.Release|Any CPU.ActiveCfg = Release|Any CPU
		{62EB0DC2-62CB-4388-8B9E-93A12B8EAF81}.Release|Any CPU.Build.0 = Release|Any CPU
		{E0201473-C547-47CC-AE4C-0B6351F10BD8}.Debug|Any CPU.ActiveCfg = Debug|Any CPU
		{E0201473-C547-47CC-AE4C-0B6351F10BD8}.Debug|Any CPU.Build.0 = Debug|Any CPU
		{E0201473-C547-47CC-AE4C-0B6351F10BD8}.Release|Any CPU.ActiveCfg = Release|Any CPU
		{E0201473-C547-47CC-AE4C-0B6351F10BD8}.Release|Any CPU.Build.0 = Release|Any CPU
		{7337E1EF-EB25-442B-B735-384943BA19C1}.Debug|Any CPU.ActiveCfg = Debug|Any CPU
		{7337E1EF-EB25-442B-B735-384943BA19C1}.Debug|Any CPU.Build.0 = Debug|Any CPU
		{7337E1EF-EB25-442B-B735-384943BA19C1}.Release|Any CPU.ActiveCfg = Release|Any CPU
		{7337E1EF-EB25-442B-B735-384943BA19C1}.Release|Any CPU.Build.0 = Release|Any CPU
		{AB226A9E-668C-4B65-8514-F0144295EED3}.Debug|Any CPU.ActiveCfg = Debug|Any CPU
		{AB226A9E-668C-4B65-8514-F0144295EED3}.Debug|Any CPU.Build.0 = Debug|Any CPU
		{AB226A9E-668C-4B65-8514-F0144295EED3}.Release|Any CPU.ActiveCfg = Release|Any CPU
		{AB226A9E-668C-4B65-8514-F0144295EED3}.Release|Any CPU.Build.0 = Release|Any CPU
		{B8FD8A4D-F0D0-49EE-A235-96FBB4DC3D61}.Debug|Any CPU.ActiveCfg = Debug|Any CPU
		{B8FD8A4D-F0D0-49EE-A235-96FBB4DC3D61}.Debug|Any CPU.Build.0 = Debug|Any CPU
		{B8FD8A4D-F0D0-49EE-A235-96FBB4DC3D61}.Release|Any CPU.ActiveCfg = Release|Any CPU
		{B8FD8A4D-F0D0-49EE-A235-96FBB4DC3D61}.Release|Any CPU.Build.0 = Release|Any CPU
		{CCE55A9C-2A4E-461D-9645-2ED11AC14298}.Debug|Any CPU.ActiveCfg = Debug|Any CPU
		{CCE55A9C-2A4E-461D-9645-2ED11AC14298}.Debug|Any CPU.Build.0 = Debug|Any CPU
		{CCE55A9C-2A4E-461D-9645-2ED11AC14298}.Release|Any CPU.ActiveCfg = Release|Any CPU
		{CCE55A9C-2A4E-461D-9645-2ED11AC14298}.Release|Any CPU.Build.0 = Release|Any CPU
		{8053C3BE-9E86-4CB6-865A-9149890C2D62}.Debug|Any CPU.ActiveCfg = Debug|Any CPU
		{8053C3BE-9E86-4CB6-865A-9149890C2D62}.Debug|Any CPU.Build.0 = Debug|Any CPU
		{8053C3BE-9E86-4CB6-865A-9149890C2D62}.Release|Any CPU.ActiveCfg = Release|Any CPU
		{8053C3BE-9E86-4CB6-865A-9149890C2D62}.Release|Any CPU.Build.0 = Release|Any CPU
		{FB7012B6-68F5-4EB5-882F-DCBE2C29C307}.Debug|Any CPU.ActiveCfg = Debug|Any CPU
		{FB7012B6-68F5-4EB5-882F-DCBE2C29C307}.Debug|Any CPU.Build.0 = Debug|Any CPU
		{FB7012B6-68F5-4EB5-882F-DCBE2C29C307}.Release|Any CPU.ActiveCfg = Release|Any CPU
		{FB7012B6-68F5-4EB5-882F-DCBE2C29C307}.Release|Any CPU.Build.0 = Release|Any CPU
		{750F1814-014E-48D8-AAEF-CC479C96E752}.Debug|Any CPU.ActiveCfg = Debug|Any CPU
		{750F1814-014E-48D8-AAEF-CC479C96E752}.Debug|Any CPU.Build.0 = Debug|Any CPU
		{750F1814-014E-48D8-AAEF-CC479C96E752}.Release|Any CPU.ActiveCfg = Release|Any CPU
		{750F1814-014E-48D8-AAEF-CC479C96E752}.Release|Any CPU.Build.0 = Release|Any CPU
		{98433C78-44CE-4169-851A-0BD964684A98}.Debug|Any CPU.ActiveCfg = Debug|Any CPU
		{98433C78-44CE-4169-851A-0BD964684A98}.Debug|Any CPU.Build.0 = Debug|Any CPU
		{98433C78-44CE-4169-851A-0BD964684A98}.Release|Any CPU.ActiveCfg = Release|Any CPU
		{98433C78-44CE-4169-851A-0BD964684A98}.Release|Any CPU.Build.0 = Release|Any CPU
		{3D3DE385-51DF-4F76-9B69-4E70C9145CC4}.Debug|Any CPU.ActiveCfg = Debug|Any CPU
		{3D3DE385-51DF-4F76-9B69-4E70C9145CC4}.Debug|Any CPU.Build.0 = Debug|Any CPU
		{3D3DE385-51DF-4F76-9B69-4E70C9145CC4}.Release|Any CPU.ActiveCfg = Release|Any CPU
		{3D3DE385-51DF-4F76-9B69-4E70C9145CC4}.Release|Any CPU.Build.0 = Release|Any CPU
	EndGlobalSection
EndGlobal
